
Microsoft Visual Studio Solution File, Format Version 12.00
# Visual Studio Version 16
VisualStudioVersion = 16.0.31729.503
MinimumVisualStudioVersion = 10.0.40219.1
Project("{FAE04EC0-301F-11D3-BF4B-00C04F79EFBC}") = "Cars", "Cars\Cars.csproj", "{DBF84E2F-480C-4DA8-861C-801CC98129DB}"
EndProject
Global
	GlobalSection(SolutionConfigurationPlatforms) = preSolution
		Debug|Any CPU = Debug|Any CPU
		Release|Any CPU = Release|Any CPU
	EndGlobalSection
	GlobalSection(ProjectConfigurationPlatforms) = postSolution
		{DBF84E2F-480C-4DA8-861C-801CC98129DB}.Debug|Any CPU.ActiveCfg = Debug|Any CPU
		{DBF84E2F-480C-4DA8-861C-801CC98129DB}.Debug|Any CPU.Build.0 = Debug|Any CPU
		{DBF84E2F-480C-4DA8-861C-801CC98129DB}.Release|Any CPU.ActiveCfg = Release|Any CPU
		{DBF84E2F-480C-4DA8-861C-801CC98129DB}.Release|Any CPU.Build.0 = Release|Any CPU
	EndGlobalSection
	GlobalSection(SolutionProperties) = preSolution
		HideSolutionNode = FALSE
	EndGlobalSection
	GlobalSection(ExtensibilityGlobals) = postSolution
		SolutionGuid = {44EF9404-C568-40E7-9F4E-E0590DCEAFDB}
	EndGlobalSection
EndGlobal
